
Microsoft Visual Studio Solution File, Format Version 12.00
# Visual Studio Version 16
VisualStudioVersion = 16.0.30804.86
MinimumVisualStudioVersion = 10.0.40219.1
Project("{FAE04EC0-301F-11D3-BF4B-00C04F79EFBC}") = "Anamnesis.Core", "Anamnesis\Anamnesis.Core\Anamnesis.Core.csproj", "{C0CF66DE-A809-4025-8DCF-C7086BE8633C}"
EndProject
Project("{FAE04EC0-301F-11D3-BF4B-00C04F79EFBC}") = "Anamnesis.App", "Anamnesis\Anamnesis.App\Anamnesis.App.csproj", "{B7AE0683-5807-4517-ABC6-D09C11C9F335}"
EndProject
Global
	GlobalSection(SolutionConfigurationPlatforms) = preSolution
		Debug|Any CPU = Debug|Any CPU
		Release|Any CPU = Release|Any CPU
	EndGlobalSection
	GlobalSection(ProjectConfigurationPlatforms) = postSolution
		{C0CF66DE-A809-4025-8DCF-C7086BE8633C}.Debug|Any CPU.ActiveCfg = Debug|Any CPU
		{C0CF66DE-A809-4025-8DCF-C7086BE8633C}.Debug|Any CPU.Build.0 = Debug|Any CPU
		{C0CF66DE-A809-4025-8DCF-C7086BE8633C}.Release|Any CPU.ActiveCfg = Release|Any CPU
		{C0CF66DE-A809-4025-8DCF-C7086BE8633C}.Release|Any CPU.Build.0 = Release|Any CPU
		{B7AE0683-5807-4517-ABC6-D09C11C9F335}.Debug|Any CPU.ActiveCfg = Debug|Any CPU
		{B7AE0683-5807-4517-ABC6-D09C11C9F335}.Debug|Any CPU.Build.0 = Debug|Any CPU
		{B7AE0683-5807-4517-ABC6-D09C11C9F335}.Release|Any CPU.ActiveCfg = Release|Any CPU
		{B7AE0683-5807-4517-ABC6-D09C11C9F335}.Release|Any CPU.Build.0 = Release|Any CPU
	EndGlobalSection
	GlobalSection(SolutionProperties) = preSolution
		HideSolutionNode = FALSE
	EndGlobalSection
	GlobalSection(ExtensibilityGlobals) = postSolution
		SolutionGuid = {9C72EBF7-AB75-4F9A-8BA2-091930C06C71}
	EndGlobalSection
EndGlobal
